PODS:
  - ABVideoRangeSlider (0.1.6)
  - Agrume (3.2.1)
  - ImagePicker (1.0.0):
    - ABVideoRangeSlider (= 0.1.6)
    - TGPControls (~> 4.0.0)
  - TGPControls (4.0.0)

DEPENDENCIES:
  - ABVideoRangeSlider (~> 0.1.6)
  - Agrume
  - ImagePicker (from `../`)

EXTERNAL SOURCES:
  ImagePicker:
    :path: ../

SPEC CHECKSUMS:
  ABVideoRangeSlider: 53df68b8c6d296b66d62e1c4f20caad2a1e6abb3
  Agrume: 4ae2e2b112673e9353db5e85c8d4b49f46f93456
  ImagePicker: 0367968d3844080de9597607a0c2b9f4ca955650
  TGPControls: d7ab5a338746c100b2ae57f6b6cedee7151f116a

PODFILE CHECKSUM: 1215d3a7d87b3411f49261add701566843f9e081

COCOAPODS: 1.2.0
